
Microsoft Visual Studio Solution File, Format Version 12.00
# Visual Studio Version 16
VisualStudioVersion = 16.0.30523.141
MinimumVisualStudioVersion = 10.0.40219.1
Project("{FAE04EC0-301F-11D3-BF4B-00C04F79EFBC}") = "Sem3Lab2", "Sem3Lab2.csproj", "{08B5828E-E5D7-4A60-A6DA-E495F3CF1774}"
EndProject
Global
	GlobalSection(SolutionConfigurationPlatforms) = preSolution
		Debug|Any CPU = Debug|Any CPU
		Release|Any CPU = Release|Any CPU
	EndGlobalSection
	GlobalSection(ProjectConfigurationPlatforms) = postSolution
		{08B5828E-E5D7-4A60-A6DA-E495F3CF1774}.Debug|Any CPU.ActiveCfg = Debug|Any CPU
		{08B5828E-E5D7-4A60-A6DA-E495F3CF1774}.Debug|Any CPU.Build.0 = Debug|Any CPU
		{08B5828E-E5D7-4A60-A6DA-E495F3CF1774}.Release|Any CPU.ActiveCfg = Release|Any CPU
		{08B5828E-E5D7-4A60-A6DA-E495F3CF1774}.Release|Any CPU.Build.0 = Release|Any CPU
	EndGlobalSection
	GlobalSection(SolutionProperties) = preSolution
		HideSolutionNode = FALSE
	EndGlobalSection
	GlobalSection(ExtensibilityGlobals) = postSolution
		SolutionGuid = {608EC21B-8D2D-4788-92B7-A4E553BA9EA1}
	EndGlobalSection
EndGlobal
